
Microsoft Visual Studio Solution File, Format Version 12.00
# Visual Studio Version 17
VisualStudioVersion = 17.11.35222.181
MinimumVisualStudioVersion = 10.0.40219.1
Project("{9A19103F-16F7-4668-BE54-9A1E7A4F7556}") = "NinjaManager", "NinjaManager\NinjaManager.csproj", "{CA63E538-C97E-4C0E-AF38-3D81FFF06FF4}"
EndProject
Project("{FAE04EC0-301F-11D3-BF4B-00C04F79EFBC}") = "NinjaManager.Data", "Data\NinjaManager.Data.csproj", "{F4422884-5F49-45E2-984B-A74A96E1188A}"
EndProject
Project("{FAE04EC0-301F-11D3-BF4B-00C04F79EFBC}") = "NinjaManager.BusinessLogic", "BusinessLogic\NinjaManager.BusinessLogic.csproj", "{A69357A7-F658-40D8-AB84-F755849E369C}"
EndProject
Global
	GlobalSection(SolutionConfigurationPlatforms) = preSolution
		Debug|Any CPU = Debug|Any CPU
		Release|Any CPU = Release|Any CPU
	EndGlobalSection
	GlobalSection(ProjectConfigurationPlatforms) = postSolution
		{CA63E538-C97E-4C0E-AF38-3D81FFF06FF4}.Debug|Any CPU.ActiveCfg = Debug|Any CPU
		{CA63E538-C97E-4C0E-AF38-3D81FFF06FF4}.Debug|Any CPU.Build.0 = Debug|Any CPU
		{CA63E538-C97E-4C0E-AF38-3D81FFF06FF4}.Release|Any CPU.ActiveCfg = Release|Any CPU
		{CA63E538-C97E-4C0E-AF38-3D81FFF06FF4}.Release|Any CPU.Build.0 = Release|Any CPU
		{F4422884-5F49-45E2-984B-A74A96E1188A}.Debug|Any CPU.ActiveCfg = Debug|Any CPU
		{F4422884-5F49-45E2-984B-A74A96E1188A}.Debug|Any CPU.Build.0 = Debug|Any CPU
		{F4422884-5F49-45E2-984B-A74A96E1188A}.Release|Any CPU.ActiveCfg = Release|Any CPU
		{F4422884-5F49-45E2-984B-A74A96E1188A}.Release|Any CPU.Build.0 = Release|Any CPU
		{A69357A7-F658-40D8-AB84-F755849E369C}.Debug|Any CPU.ActiveCfg = Debug|Any CPU
		{A69357A7-F658-40D8-AB84-F755849E369C}.Debug|Any CPU.Build.0 = Debug|Any CPU
		{A69357A7-F658-40D8-AB84-F755849E369C}.Release|Any CPU.ActiveCfg = Release|Any CPU
		{A69357A7-F658-40D8-AB84-F755849E369C}.Release|Any CPU.Build.0 = Release|Any CPU
	EndGlobalSection
	GlobalSection(SolutionProperties) = preSolution
		HideSolutionNode = FALSE
	EndGlobalSection
	GlobalSection(ExtensibilityGlobals) = postSolution
		SolutionGuid = {CFC2C46E-490E-4DC1-BA9A-F30B5530FD9E}
	EndGlobalSection
EndGlobal
